60f495496cb41473c0521d0811d8f44b9d5cff892d287974a8aebb3eaee2fa83  segnet_308-3296ccd40960f90ca6ab9c035cca945675d30a0f_fp16.onnx  https://github.com/liebharc/homr/releases/download/onnx_checkpoints/segnet_308-3296ccd40960f90ca6ab9c035cca945675d30a0f_fp16.zip
50823c061533328f5e64df016d3ed16eb9071a9f5c5ee8621646cf9ac9c8a992  encoder_pytorch_model_465-597144cab54c8f6d0f6c9619df5c5312694eadd6_fp16.onnx  https://github.com/liebharc/homr/releases/download/onnx_checkpoints/encoder_pytorch_model_465-597144cab54c8f6d0f6c9619df5c5312694eadd6_fp16.zip
18801c1e3657bdea1b031db90b10d66e15accfc1d607780f09a9e059133e886a  decoder_pytorch_model_465-597144cab54c8f6d0f6c9619df5c5312694eadd6.onnx  https://github.com/liebharc/homr/releases/download/onnx_checkpoints/decoder_pytorch_model_465-597144cab54c8f6d0f6c9619df5c5312694eadd6.zip
