// !$*UTF8*$!
{
	archiveVersion = 1;
	classes = {
	};
	objectVersion = 56;
	objects = {

/* Begin PBXBuildFile section */
		5F000000000000000000000A /* ScreenshotDemo.swift in Sources */ = {isa = PBXBuildFile; fileRef = 5E0000000000000000000009 /* ScreenshotDemo.swift */; };
		5F0000000000000000000006 /* PlaylistStore.swift in Sources */ = {isa = PBXBuildFile; fileRef = 5E0000000000000000000005 /* PlaylistStore.swift */; };
		7F0000000000000000000004 /* MIDIExport.swift in Sources */ = {isa = PBXBuildFile; fileRef = 7E0000000000000000000003 /* MIDIExport.swift */; };
		7F0000000000000000000006 /* SheetFollowView.swift in Sources */ = {isa = PBXBuildFile; fileRef = 7E0000000000000000000005 /* SheetFollowView.swift */; };
		7F0000000000000000000005 /* ScanLayout.swift in Sources */ = {isa = PBXBuildFile; fileRef = 7E0000000000000000000004 /* ScanLayout.swift */; };
		5F0000000000000000000007 /* LibraryScreen.swift in Sources */ = {isa = PBXBuildFile; fileRef = 5E0000000000000000000006 /* LibraryScreen.swift */; };
		5F0000000000000000000008 /* LevelMeterView.swift in Sources */ = {isa = PBXBuildFile; fileRef = 5E0000000000000000000007 /* LevelMeterView.swift */; };
		5F0000000000000000000009 /* PlaylistStoreTests.swift in Sources */ = {isa = PBXBuildFile; fileRef = 5E0000000000000000000008 /* PlaylistStoreTests.swift */; };
		7F0000000000000000000002 /* Build16Tests.swift in Sources */ = {isa = PBXBuildFile; fileRef = 7E0000000000000000000001 /* Build16Tests.swift */; };
		5F0000000000000000000001 /* PlayerView.swift in Sources */ = {isa = PBXBuildFile; fileRef = 5E0000000000000000000001 /* PlayerView.swift */; };
		5F0000000000000000000002 /* Acknowledgements.swift in Sources */ = {isa = PBXBuildFile; fileRef = 5E0000000000000000000002 /* Acknowledgements.swift */; };
		5F0000000000000000000003 /* ode-to-joy.mid in Resources */ = {isa = PBXBuildFile; fileRef = 5E0000000000000000000003 /* ode-to-joy.mid */; };
		5F000000000000000000000B /* ode-to-joy.jpg in Resources */ = {isa = PBXBuildFile; fileRef = 5E000000000000000000000A /* ode-to-joy.jpg */; };
		5F0000000000000000000004 /* SF2PlayerAppTests.swift in Sources */ = {isa = PBXBuildFile; fileRef = 5E0000000000000000000004 /* SF2PlayerAppTests.swift */; };
		5F0000000000000000000005 /* SF2Player in Frameworks */ = {isa = PBXBuildFile; productRef = 5D0000000000000000000002 /* SF2Player */; };
		CA0000000000000000000001 /* CaptureStore.swift in Sources */ = {isa = PBXBuildFile; fileRef = CB0000000000000000000001 /* CaptureStore.swift */; };
		E20000000000000000000001 /* Analytics.swift in Sources */ = {isa = PBXBuildFile; fileRef = E10000000000000000000002 /* Analytics.swift */; };
		E20000000000000000000002 /* StoreKitManager.swift in Sources */ = {isa = PBXBuildFile; fileRef = E10000000000000000000003 /* StoreKitManager.swift */; };
		E20000000000000000000003 /* ScanQuota.swift in Sources */ = {isa = PBXBuildFile; fileRef = E10000000000000000000004 /* ScanQuota.swift */; };
		E20000000000000000000004 /* PaywallView.swift in Sources */ = {isa = PBXBuildFile; fileRef = E10000000000000000000005 /* PaywallView.swift */; };
		CA0000000000000000000002 /* RecognitionService.swift in Sources */ = {isa = PBXBuildFile; fileRef = CB0000000000000000000002 /* RecognitionService.swift */; };
		7F0000000000000000000003 /* ScanFailure.swift in Sources */ = {isa = PBXBuildFile; fileRef = 7E0000000000000000000002 /* ScanFailure.swift */; };
		CA0000000000000000000003 /* CameraController.swift in Sources */ = {isa = PBXBuildFile; fileRef = CB0000000000000000000003 /* CameraController.swift */; };
		CA0000000000000000000004 /* CameraPreviewView.swift in Sources */ = {isa = PBXBuildFile; fileRef = CB0000000000000000000004 /* CameraPreviewView.swift */; };
		CA0000000000000000000005 /* CameraScreen.swift in Sources */ = {isa = PBXBuildFile; fileRef = CB0000000000000000000005 /* CameraScreen.swift */; };
		CA0000000000000000000006 /* ResultScreen.swift in Sources */ = {isa = PBXBuildFile; fileRef = CB0000000000000000000006 /* ResultScreen.swift */; };
		CA0000000000000000000007 /* PlayerRoute.swift in Sources */ = {isa = PBXBuildFile; fileRef = CB0000000000000000000007 /* PlayerRoute.swift */; };
		CA0000000000000000000008 /* RootFlowView.swift in Sources */ = {isa = PBXBuildFile; fileRef = CB0000000000000000000008 /* RootFlowView.swift */; };
		CA0000000000000000000009 /* CaptureHelpersTests.swift in Sources */ = {isa = PBXBuildFile; fileRef = CB0000000000000000000009 /* CaptureHelpersTests.swift */; };
		CA000000000000000000000A /* DiagnosticsLog.swift in Sources */ = {isa = PBXBuildFile; fileRef = CB000000000000000000000A /* DiagnosticsLog.swift */; };
		CA000000000000000000000B /* PromptBuilder.swift in Sources */ = {isa = PBXBuildFile; fileRef = CB000000000000000000000B /* PromptBuilder.swift */; };
		CA000000000000000000000C /* PromptCopy.swift in Sources */ = {isa = PBXBuildFile; fileRef = CB000000000000000000000C /* PromptCopy.swift */; };
		CA000000000000000000000D /* LogScreen.swift in Sources */ = {isa = PBXBuildFile; fileRef = CB000000000000000000000D /* LogScreen.swift */; };
		CA000000000000000000000E /* OMRFeedback.swift in Sources */ = {isa = PBXBuildFile; fileRef = CB000000000000000000000E /* OMRFeedback.swift */; };
		CA000000000000000000000F /* OMRCompareView.swift in Sources */ = {isa = PBXBuildFile; fileRef = CB000000000000000000000F /* OMRCompareView.swift */; };
		CA0000000000000000000010 /* Gate1CompareScreen.swift in Sources */ = {isa = PBXBuildFile; fileRef = CB0000000000000000000010 /* Gate1CompareScreen.swift */; };
		CA0000000000000000000011 /* DiagnosticsTests.swift in Sources */ = {isa = PBXBuildFile; fileRef = CB0000000000000000000011 /* DiagnosticsTests.swift */; };
		A10000000000000000000001 /* OMRSheetCamApp.swift in Sources */ = {isa = PBXBuildFile; fileRef = B10000000000000000000001 /* OMRSheetCamApp.swift */; };
		A10000000000000000000002 /* Gate1RootView.swift in Sources */ = {isa = PBXBuildFile; fileRef = B10000000000000000000002 /* Gate1RootView.swift */; };
		A10000000000000000000003 /* SimpleMIDIPlayer.swift in Sources */ = {isa = PBXBuildFile; fileRef = B10000000000000000000003 /* SimpleMIDIPlayer.swift */; };
		A10000000000000000000004 /* ModelWarmup.swift in Sources */ = {isa = PBXBuildFile; fileRef = B10000000000000000000004 /* ModelWarmup.swift */; };
		A10000000000000000000005 /* Assets.xcassets in Resources */ = {isa = PBXBuildFile; fileRef = B10000000000000000000005 /* Assets.xcassets */; };
		A10000000000000000000006 /* Gate1StaffTokenMatchTests.swift in Sources */ = {isa = PBXBuildFile; fileRef = B10000000000000000000006 /* Gate1StaffTokenMatchTests.swift */; };
		A10000000000000000000007 /* MIDIPlayerSmokeTests.swift in Sources */ = {isa = PBXBuildFile; fileRef = B10000000000000000000007 /* MIDIPlayerSmokeTests.swift */; };
		A1000000000000000000000A /* ModelWarmupTests.swift in Sources */ = {isa = PBXBuildFile; fileRef = B1000000000000000000000A /* ModelWarmupTests.swift */; };
		A1000000000000000000000B /* Gate1Runner.swift in Sources */ = {isa = PBXBuildFile; fileRef = B1000000000000000000000B /* Gate1Runner.swift */; };
		A1000000000000000000000C /* Gate1RunnerTests.swift in Sources */ = {isa = PBXBuildFile; fileRef = B1000000000000000000000C /* Gate1RunnerTests.swift */; };
		A10000000000000000000008 /* OMRHomrIOS in Frameworks */ = {isa = PBXBuildFile; productRef = P10000000000000000000002 /* OMRHomrIOS */; };
		4F06444BBF09D87CE872BDB8 /* MIDINoteExtractor.swift in Sources */ = {isa = PBXBuildFile; fileRef = 149722DE288FA9C01620E0D8 /* MIDINoteExtractor.swift */; };
		21EBA7280EC15355707ED56C /* PlaybackSmokeFixtureTests.swift in Sources */ = {isa = PBXBuildFile; fileRef = C0FEF96A6B3524FD3718E9C2 /* PlaybackSmokeFixtureTests.swift */; };
		7A0000000000000000000001 /* Gray8Image.swift in Sources */ = {isa = PBXBuildFile; fileRef = 7B0000000000000000000001 /* Gray8Image.swift */; };
		7A0000000000000000000002 /* MemoryStats.swift in Sources */ = {isa = PBXBuildFile; fileRef = 7B0000000000000000000002 /* MemoryStats.swift */; };
		7A0000000000000000000003 /* PageRecognitionService.swift in Sources */ = {isa = PBXBuildFile; fileRef = 7B0000000000000000000003 /* PageRecognitionService.swift */; };
		7A0000000000000000000004 /* Gray8ImageTests.swift in Sources */ = {isa = PBXBuildFile; fileRef = 7B0000000000000000000004 /* Gray8ImageTests.swift */; };
		7A0000000000000000000005 /* PageRecognitionServiceTests.swift in Sources */ = {isa = PBXBuildFile; fileRef = 7B0000000000000000000005 /* PageRecognitionServiceTests.swift */; };
		6F0000000000000000000001 /* PlaybackController.swift in Sources */ = {isa = PBXBuildFile; fileRef = 6E0000000000000000000001 /* PlaybackController.swift */; };
		6F0000000000000000000002 /* Theme.swift in Sources */ = {isa = PBXBuildFile; fileRef = 6E0000000000000000000002 /* Theme.swift */; };
		6F0000000000000000000003 /* AppSettings.swift in Sources */ = {isa = PBXBuildFile; fileRef = 6E0000000000000000000003 /* AppSettings.swift */; };
		6F0000000000000000000004 /* SettingsView.swift in Sources */ = {isa = PBXBuildFile; fileRef = 6E0000000000000000000004 /* SettingsView.swift */; };
		6F0000000000000000000005 /* ReadingView.swift in Sources */ = {isa = PBXBuildFile; fileRef = 6E0000000000000000000005 /* ReadingView.swift */; };
		6F0000000000000000000006 /* LICENSE in Resources */ = {isa = PBXBuildFile; fileRef = 6E0000000000000000000006 /* LICENSE */; };
		6F0000000000000000000007 /* NOTICE in Resources */ = {isa = PBXBuildFile; fileRef = 6E0000000000000000000007 /* NOTICE */; };
		6F0000000000000000000008 /* ONNXRuntime-LICENSE.txt in Resources */ = {isa = PBXBuildFile; fileRef = 6E0000000000000000000008 /* ONNXRuntime-LICENSE.txt */; };
		6F0000000000000000000009 /* ONNXRuntime-ThirdPartyNotices.txt in Resources */ = {isa = PBXBuildFile; fileRef = 6E0000000000000000000009 /* ONNXRuntime-ThirdPartyNotices.txt */; };
		6F000000000000000000000A /* RedesignTests.swift in Sources */ = {isa = PBXBuildFile; fileRef = 6E000000000000000000000A /* RedesignTests.swift */; };
		8A0000000000000000000001 /* SegNetSelfTest.swift in Sources */ = {isa = PBXBuildFile; fileRef = 8B0000000000000000000001 /* SegNetSelfTest.swift */; };
		8A0000000000000000000002 /* CoreMLCacheStore.swift in Sources */ = {isa = PBXBuildFile; fileRef = 8B0000000000000000000002 /* CoreMLCacheStore.swift */; };
		8A0000000000000000000003 /* Build6PrepTests.swift in Sources */ = {isa = PBXBuildFile; fileRef = 8B0000000000000000000003 /* Build6PrepTests.swift */; };
/* End PBXBuildFile section */

/* Begin PBXContainerItemProxy section */
		C10000000000000000000001 /* PBXContainerItemProxy */ = {
			isa = PBXContainerItemProxy;
			containerPortal = E10000000000000000000001 /* Project object */;
			proxyType = 1;
			remoteGlobalIDString = T10000000000000000000001;
			remoteInfo = OMRSheetCam;
		};
/* End PBXContainerItemProxy section */

/* Begin PBXFileReference section */
		5E0000000000000000000009 /* ScreenshotDemo.swift */ = {isa = PBXFileReference; lastKnownFileType = sourcecode.swift; path = ScreenshotDemo.swift; sourceTree = "<group>"; };
		5E0000000000000000000005 /* PlaylistStore.swift */ = {isa = PBXFileReference; lastKnownFileType = sourcecode.swift; path = PlaylistStore.swift; sourceTree = "<group>"; };
		7E0000000000000000000003 /* MIDIExport.swift */ = {isa = PBXFileReference; lastKnownFileType = sourcecode.swift; path = MIDIExport.swift; sourceTree = "<group>"; };
		7E0000000000000000000005 /* SheetFollowView.swift */ = {isa = PBXFileReference; lastKnownFileType = sourcecode.swift; path = SheetFollowView.swift; sourceTree = "<group>"; };
		7E0000000000000000000004 /* ScanLayout.swift */ = {isa = PBXFileReference; lastKnownFileType = sourcecode.swift; path = ScanLayout.swift; sourceTree = "<group>"; };
		5E0000000000000000000006 /* LibraryScreen.swift */ = {isa = PBXFileReference; lastKnownFileType = sourcecode.swift; path = LibraryScreen.swift; sourceTree = "<group>"; };
		5E0000000000000000000007 /* LevelMeterView.swift */ = {isa = PBXFileReference; lastKnownFileType = sourcecode.swift; path = LevelMeterView.swift; sourceTree = "<group>"; };
		5E0000000000000000000008 /* PlaylistStoreTests.swift */ = {isa = PBXFileReference; lastKnownFileType = sourcecode.swift; path = PlaylistStoreTests.swift; sourceTree = "<group>"; };
		7E0000000000000000000001 /* Build16Tests.swift */ = {isa = PBXFileReference; lastKnownFileType = sourcecode.swift; path = Build16Tests.swift; sourceTree = "<group>"; };
		5E0000000000000000000001 /* PlayerView.swift */ = {isa = PBXFileReference; lastKnownFileType = sourcecode.swift; path = PlayerView.swift; sourceTree = "<group>"; };
		5E0000000000000000000002 /* Acknowledgements.swift */ = {isa = PBXFileReference; lastKnownFileType = sourcecode.swift; path = Acknowledgements.swift; sourceTree = "<group>"; };
		5E0000000000000000000003 /* ode-to-joy.mid */ = {isa = PBXFileReference; lastKnownFileType = audio.midi; name = "ode-to-joy.mid"; path = "fixtures/samples/ode-to-joy.mid"; sourceTree = SOURCE_ROOT; };
		5E000000000000000000000A /* ode-to-joy.jpg */ = {isa = PBXFileReference; lastKnownFileType = image.jpeg; name = "ode-to-joy.jpg"; path = "fixtures/samples/ode-to-joy.jpg"; sourceTree = SOURCE_ROOT; };
		5E0000000000000000000004 /* SF2PlayerAppTests.swift */ = {isa = PBXFileReference; lastKnownFileType = sourcecode.swift; path = SF2PlayerAppTests.swift; sourceTree = "<group>"; };
		CB0000000000000000000001 /* CaptureStore.swift */ = {isa = PBXFileReference; lastKnownFileType = sourcecode.swift; path = CaptureStore.swift; sourceTree = "<group>"; };
		CB0000000000000000000002 /* RecognitionService.swift */ = {isa = PBXFileReference; lastKnownFileType = sourcecode.swift; path = RecognitionService.swift; sourceTree = "<group>"; };
		7E0000000000000000000002 /* ScanFailure.swift */ = {isa = PBXFileReference; lastKnownFileType = sourcecode.swift; path = ScanFailure.swift; sourceTree = "<group>"; };
		CB0000000000000000000003 /* CameraController.swift */ = {isa = PBXFileReference; lastKnownFileType = sourcecode.swift; path = CameraController.swift; sourceTree = "<group>"; };
		CB0000000000000000000004 /* CameraPreviewView.swift */ = {isa = PBXFileReference; lastKnownFileType = sourcecode.swift; path = CameraPreviewView.swift; sourceTree = "<group>"; };
		CB0000000000000000000005 /* CameraScreen.swift */ = {isa = PBXFileReference; lastKnownFileType = sourcecode.swift; path = CameraScreen.swift; sourceTree = "<group>"; };
		CB0000000000000000000006 /* ResultScreen.swift */ = {isa = PBXFileReference; lastKnownFileType = sourcecode.swift; path = ResultScreen.swift; sourceTree = "<group>"; };
		CB0000000000000000000007 /* PlayerRoute.swift */ = {isa = PBXFileReference; lastKnownFileType = sourcecode.swift; path = PlayerRoute.swift; sourceTree = "<group>"; };
		CB0000000000000000000008 /* RootFlowView.swift */ = {isa = PBXFileReference; lastKnownFileType = sourcecode.swift; path = RootFlowView.swift; sourceTree = "<group>"; };
		E10000000000000000000002 /* Analytics.swift */ = {isa = PBXFileReference; lastKnownFileType = sourcecode.swift; path = Analytics.swift; sourceTree = "<group>"; };
		E10000000000000000000003 /* StoreKitManager.swift */ = {isa = PBXFileReference; lastKnownFileType = sourcecode.swift; path = StoreKitManager.swift; sourceTree = "<group>"; };
		E10000000000000000000004 /* ScanQuota.swift */ = {isa = PBXFileReference; lastKnownFileType = sourcecode.swift; path = ScanQuota.swift; sourceTree = "<group>"; };
		E10000000000000000000005 /* PaywallView.swift */ = {isa = PBXFileReference; lastKnownFileType = sourcecode.swift; path = PaywallView.swift; sourceTree = "<group>"; };
		CB0000000000000000000009 /* CaptureHelpersTests.swift */ = {isa = PBXFileReference; lastKnownFileType = sourcecode.swift; path = CaptureHelpersTests.swift; sourceTree = "<group>"; };
		CB000000000000000000000A /* DiagnosticsLog.swift */ = {isa = PBXFileReference; lastKnownFileType = sourcecode.swift; path = DiagnosticsLog.swift; sourceTree = "<group>"; };
		CB000000000000000000000B /* PromptBuilder.swift */ = {isa = PBXFileReference; lastKnownFileType = sourcecode.swift; path = PromptBuilder.swift; sourceTree = "<group>"; };
		CB000000000000000000000C /* PromptCopy.swift */ = {isa = PBXFileReference; lastKnownFileType = sourcecode.swift; path = PromptCopy.swift; sourceTree = "<group>"; };
		CB000000000000000000000D /* LogScreen.swift */ = {isa = PBXFileReference; lastKnownFileType = sourcecode.swift; path = LogScreen.swift; sourceTree = "<group>"; };
		CB000000000000000000000E /* OMRFeedback.swift */ = {isa = PBXFileReference; lastKnownFileType = sourcecode.swift; path = OMRFeedback.swift; sourceTree = "<group>"; };
		CB000000000000000000000F /* OMRCompareView.swift */ = {isa = PBXFileReference; lastKnownFileType = sourcecode.swift; path = OMRCompareView.swift; sourceTree = "<group>"; };
		CB0000000000000000000010 /* Gate1CompareScreen.swift */ = {isa = PBXFileReference; lastKnownFileType = sourcecode.swift; path = Gate1CompareScreen.swift; sourceTree = "<group>"; };
		CB0000000000000000000011 /* DiagnosticsTests.swift */ = {isa = PBXFileReference; lastKnownFileType = sourcecode.swift; path = DiagnosticsTests.swift; sourceTree = "<group>"; };
		B10000000000000000000001 /* OMRSheetCamApp.swift */ = {isa = PBXFileReference; lastKnownFileType = sourcecode.swift; path = OMRSheetCamApp.swift; sourceTree = "<group>"; };
		B10000000000000000000002 /* Gate1RootView.swift */ = {isa = PBXFileReference; lastKnownFileType = sourcecode.swift; path = Gate1RootView.swift; sourceTree = "<group>"; };
		B10000000000000000000003 /* SimpleMIDIPlayer.swift */ = {isa = PBXFileReference; lastKnownFileType = sourcecode.swift; path = SimpleMIDIPlayer.swift; sourceTree = "<group>"; };
		B10000000000000000000004 /* ModelWarmup.swift */ = {isa = PBXFileReference; lastKnownFileType = sourcecode.swift; path = ModelWarmup.swift; sourceTree = "<group>"; };
		B10000000000000000000005 /* Assets.xcassets */ = {isa = PBXFileReference; lastKnownFileType = folder.assetcatalog; path = Assets.xcassets; sourceTree = "<group>"; };
		B10000000000000000000006 /* Gate1StaffTokenMatchTests.swift */ = {isa = PBXFileReference; lastKnownFileType = sourcecode.swift; path = Gate1StaffTokenMatchTests.swift; sourceTree = "<group>"; };
		B10000000000000000000007 /* MIDIPlayerSmokeTests.swift */ = {isa = PBXFileReference; lastKnownFileType = sourcecode.swift; path = MIDIPlayerSmokeTests.swift; sourceTree = "<group>"; };
		B1000000000000000000000A /* ModelWarmupTests.swift */ = {isa = PBXFileReference; lastKnownFileType = sourcecode.swift; path = ModelWarmupTests.swift; sourceTree = "<group>"; };
		B1000000000000000000000B /* Gate1Runner.swift */ = {isa = PBXFileReference; lastKnownFileType = sourcecode.swift; path = Gate1Runner.swift; sourceTree = "<group>"; };
		B1000000000000000000000C /* Gate1RunnerTests.swift */ = {isa = PBXFileReference; lastKnownFileType = sourcecode.swift; path = Gate1RunnerTests.swift; sourceTree = "<group>"; };
		B10000000000000000000008 /* Fixtures */ = {isa = PBXFileReference; lastKnownFileType = folder; path = Fixtures; sourceTree = "<group>"; };
		B10000000000000000000010 /* OMRSheetCam.app */ = {isa = PBXFileReference; explicitFileType = wrapper.application; includeInIndex = 0; path = OMRSheetCam.app; sourceTree = BUILT_PRODUCTS_DIR; };
		B10000000000000000000011 /* OMRSheetCamTests.xctest */ = {isa = PBXFileReference; explicitFileType = wrapper.cfbundle; includeInIndex = 0; path = OMRSheetCamTests.xctest; sourceTree = BUILT_PRODUCTS_DIR; };
		149722DE288FA9C01620E0D8 /* MIDINoteExtractor.swift */ = {isa = PBXFileReference; lastKnownFileType = sourcecode.swift; path = MIDINoteExtractor.swift; sourceTree = "<group>"; };
		C0FEF96A6B3524FD3718E9C2 /* PlaybackSmokeFixtureTests.swift */ = {isa = PBXFileReference; lastKnownFileType = sourcecode.swift; path = PlaybackSmokeFixtureTests.swift; sourceTree = "<group>"; };
		7B0000000000000000000001 /* Gray8Image.swift */ = {isa = PBXFileReference; lastKnownFileType = sourcecode.swift; path = Gray8Image.swift; sourceTree = "<group>"; };
		7B0000000000000000000002 /* MemoryStats.swift */ = {isa = PBXFileReference; lastKnownFileType = sourcecode.swift; path = MemoryStats.swift; sourceTree = "<group>"; };
		7B0000000000000000000003 /* PageRecognitionService.swift */ = {isa = PBXFileReference; lastKnownFileType = sourcecode.swift; path = PageRecognitionService.swift; sourceTree = "<group>"; };
		7B0000000000000000000004 /* Gray8ImageTests.swift */ = {isa = PBXFileReference; lastKnownFileType = sourcecode.swift; path = Gray8ImageTests.swift; sourceTree = "<group>"; };
		7B0000000000000000000005 /* PageRecognitionServiceTests.swift */ = {isa = PBXFileReference; lastKnownFileType = sourcecode.swift; path = PageRecognitionServiceTests.swift; sourceTree = "<group>"; };
		6E0000000000000000000001 /* PlaybackController.swift */ = {isa = PBXFileReference; lastKnownFileType = sourcecode.swift; path = PlaybackController.swift; sourceTree = "<group>"; };
		6E0000000000000000000002 /* Theme.swift */ = {isa = PBXFileReference; lastKnownFileType = sourcecode.swift; path = Theme.swift; sourceTree = "<group>"; };
		6E0000000000000000000003 /* AppSettings.swift */ = {isa = PBXFileReference; lastKnownFileType = sourcecode.swift; path = AppSettings.swift; sourceTree = "<group>"; };
		6E0000000000000000000004 /* SettingsView.swift */ = {isa = PBXFileReference; lastKnownFileType = sourcecode.swift; path = SettingsView.swift; sourceTree = "<group>"; };
		6E0000000000000000000005 /* ReadingView.swift */ = {isa = PBXFileReference; lastKnownFileType = sourcecode.swift; path = ReadingView.swift; sourceTree = "<group>"; };
		6E0000000000000000000006 /* LICENSE */ = {isa = PBXFileReference; lastKnownFileType = text; name = LICENSE; path = LICENSE; sourceTree = SOURCE_ROOT; };
		6E0000000000000000000007 /* NOTICE */ = {isa = PBXFileReference; lastKnownFileType = text; name = NOTICE; path = NOTICE; sourceTree = SOURCE_ROOT; };
		6E0000000000000000000008 /* ONNXRuntime-LICENSE.txt */ = {isa = PBXFileReference; lastKnownFileType = text; path = ONNXRuntime-LICENSE.txt; sourceTree = "<group>"; };
		6E0000000000000000000009 /* ONNXRuntime-ThirdPartyNotices.txt */ = {isa = PBXFileReference; lastKnownFileType = text; path = ONNXRuntime-ThirdPartyNotices.txt; sourceTree = "<group>"; };
		6E000000000000000000000A /* RedesignTests.swift */ = {isa = PBXFileReference; lastKnownFileType = sourcecode.swift; path = RedesignTests.swift; sourceTree = "<group>"; };
		8B0000000000000000000001 /* SegNetSelfTest.swift */ = {isa = PBXFileReference; lastKnownFileType = sourcecode.swift; path = SegNetSelfTest.swift; sourceTree = "<group>"; };
		8B0000000000000000000002 /* CoreMLCacheStore.swift */ = {isa = PBXFileReference; lastKnownFileType = sourcecode.swift; path = CoreMLCacheStore.swift; sourceTree = "<group>"; };
		8B0000000000000000000003 /* Build6PrepTests.swift */ = {isa = PBXFileReference; lastKnownFileType = sourcecode.swift; path = Build6PrepTests.swift; sourceTree = "<group>"; };
/* End PBXFileReference section */

/* Begin PBXFrameworksBuildPhase section */
		F10000000000000000000001 /* Frameworks */ = {
			isa = PBXFrameworksBuildPhase;
			buildActionMask = 2147483647;
			files = (
				A10000000000000000000008 /* OMRHomrIOS in Frameworks */,
				5F0000000000000000000005 /* SF2Player in Frameworks */,
			);
			runOnlyForDeploymentPostprocessing = 0;
		};
		F10000000000000000000002 /* Frameworks */ = {
			isa = PBXFrameworksBuildPhase;
			buildActionMask = 2147483647;
			files = (
			);
			runOnlyForDeploymentPostprocessing = 0;
		};
/* End PBXFrameworksBuildPhase section */

/* Begin PBXGroup section */
		CC0000000000000000000001 /* Capture */ = {
			isa = PBXGroup;
			children = (
				CB0000000000000000000001 /* CaptureStore.swift */,
				CB0000000000000000000002 /* RecognitionService.swift */,
				7E0000000000000000000002 /* ScanFailure.swift */,
				CB0000000000000000000003 /* CameraController.swift */,
				CB0000000000000000000004 /* CameraPreviewView.swift */,
				CB0000000000000000000005 /* CameraScreen.swift */,
				CB0000000000000000000006 /* ResultScreen.swift */,
				7B0000000000000000000001 /* Gray8Image.swift */,
				6E0000000000000000000005 /* ReadingView.swift */,
			);
			path = Capture;
			sourceTree = "<group>";
		};
		CC0000000000000000000003 /* Diagnostics */ = {
			isa = PBXGroup;
			children = (
				CB000000000000000000000A /* DiagnosticsLog.swift */,
				CB000000000000000000000B /* PromptBuilder.swift */,
				CB000000000000000000000C /* PromptCopy.swift */,
				CB000000000000000000000D /* LogScreen.swift */,
				CB000000000000000000000E /* OMRFeedback.swift */,
				CB000000000000000000000F /* OMRCompareView.swift */,
				CB0000000000000000000010 /* Gate1CompareScreen.swift */,
				7B0000000000000000000002 /* MemoryStats.swift */,
			);
			path = Diagnostics;
			sourceTree = "<group>";
		};
		CC0000000000000000000002 /* Player */ = {
			isa = PBXGroup;
			children = (
				CB0000000000000000000007 /* PlayerRoute.swift */,
				5E0000000000000000000001 /* PlayerView.swift */,
				5E0000000000000000000002 /* Acknowledgements.swift */,
				5E0000000000000000000005 /* PlaylistStore.swift */,
				7E0000000000000000000003 /* MIDIExport.swift */,
				7E0000000000000000000005 /* SheetFollowView.swift */,
				7E0000000000000000000004 /* ScanLayout.swift */,
				5E0000000000000000000006 /* LibraryScreen.swift */,
				5E0000000000000000000007 /* LevelMeterView.swift */,
				5E0000000000000000000003 /* ode-to-joy.mid */,
				5E000000000000000000000A /* ode-to-joy.jpg */,
				6E0000000000000000000001 /* PlaybackController.swift */,
			);
			path = Player;
			sourceTree = "<group>";
		};
		G10000000000000000000001 = {
			isa = PBXGroup;
			children = (
				G10000000000000000000002 /* Sources */,
				G10000000000000000000006 /* Tests */,
				G10000000000000000000007 /* Products */,
			);
			sourceTree = "<group>";
		};
		G10000000000000000000002 /* Sources */ = {
			isa = PBXGroup;
			children = (
				G10000000000000000000003 /* App */,
			);
			path = Sources;
			sourceTree = "<group>";
		};
		G10000000000000000000003 /* App */ = {
			isa = PBXGroup;
			children = (
				B10000000000000000000001 /* OMRSheetCamApp.swift */,
				B10000000000000000000002 /* Gate1RootView.swift */,
				CB0000000000000000000008 /* RootFlowView.swift */,
				5E0000000000000000000009 /* ScreenshotDemo.swift */,
				CC0000000000000000000001 /* Capture */,
				CC0000000000000000000002 /* Player */,
				CC0000000000000000000003 /* Diagnostics */,
				G10000000000000000000004 /* MIDI */,
				G10000000000000000000005 /* Inference */,
				B10000000000000000000005 /* Assets.xcassets */,
				6E0000000000000000000002 /* Theme.swift */,
				6E0000000000000000000006 /* LICENSE */,
				6E0000000000000000000007 /* NOTICE */,
				6D0000000000000000000001 /* Settings */,
				6D0000000000000000000002 /* Licenses */,
				E30000000000000000000001 /* Services */,
				E30000000000000000000002 /* Features */,
			);
			path = App;
			sourceTree = "<group>";
		};
		E30000000000000000000001 /* Services */ = {
			isa = PBXGroup;
			children = (
				E10000000000000000000002 /* Analytics.swift */,
				E10000000000000000000003 /* StoreKitManager.swift */,
				E10000000000000000000004 /* ScanQuota.swift */,
			);
			path = Services;
			sourceTree = "<group>";
		};
		E30000000000000000000002 /* Features */ = {
			isa = PBXGroup;
			children = (
				E30000000000000000000003 /* Paywall */,
			);
			path = Features;
			sourceTree = "<group>";
		};
		E30000000000000000000003 /* Paywall */ = {
			isa = PBXGroup;
			children = (
				E10000000000000000000005 /* PaywallView.swift */,
			);
			path = Paywall;
			sourceTree = "<group>";
		};
		G10000000000000000000004 /* MIDI */ = {
			isa = PBXGroup;
			children = (
				B10000000000000000000003 /* SimpleMIDIPlayer.swift */,
				149722DE288FA9C01620E0D8 /* MIDINoteExtractor.swift */,
			);
			path = MIDI;
			sourceTree = "<group>";
		};
		G10000000000000000000005 /* Inference */ = {
			isa = PBXGroup;
			children = (
				B10000000000000000000004 /* ModelWarmup.swift */,
				B1000000000000000000000B /* Gate1Runner.swift */,
				7B0000000000000000000003 /* PageRecognitionService.swift */,
				8B0000000000000000000001 /* SegNetSelfTest.swift */,
				8B0000000000000000000002 /* CoreMLCacheStore.swift */,
			);
			path = Inference;
			sourceTree = "<group>";
		};
		G10000000000000000000006 /* Tests */ = {
			isa = PBXGroup;
			children = (
				B10000000000000000000006 /* Gate1StaffTokenMatchTests.swift */,
				B10000000000000000000007 /* MIDIPlayerSmokeTests.swift */,
				B1000000000000000000000A /* ModelWarmupTests.swift */,
				B1000000000000000000000C /* Gate1RunnerTests.swift */,
				CB0000000000000000000009 /* CaptureHelpersTests.swift */,
				CB0000000000000000000011 /* DiagnosticsTests.swift */,
				C0FEF96A6B3524FD3718E9C2 /* PlaybackSmokeFixtureTests.swift */,
				5E0000000000000000000004 /* SF2PlayerAppTests.swift */,
				5E0000000000000000000008 /* PlaylistStoreTests.swift */,
				7E0000000000000000000001 /* Build16Tests.swift */,
				7B0000000000000000000005 /* PageRecognitionServiceTests.swift */,
				7B0000000000000000000004 /* Gray8ImageTests.swift */,
				B10000000000000000000008 /* Fixtures */,
				6E000000000000000000000A /* RedesignTests.swift */,
				8B0000000000000000000003 /* Build6PrepTests.swift */,
			);
			path = Tests;
			sourceTree = "<group>";
		};
		G10000000000000000000007 /* Products */ = {
			isa = PBXGroup;
			children = (
				B10000000000000000000010 /* OMRSheetCam.app */,
				B10000000000000000000011 /* OMRSheetCamTests.xctest */,
			);
			name = Products;
			sourceTree = "<group>";
		};
		6D0000000000000000000001 /* Settings */ = {
			isa = PBXGroup;
			children = (
				6E0000000000000000000003 /* AppSettings.swift */,
				6E0000000000000000000004 /* SettingsView.swift */,
			);
			path = Settings;
			sourceTree = "<group>";
		};
		6D0000000000000000000002 /* Licenses */ = {
			isa = PBXGroup;
			children = (
				6E0000000000000000000008 /* ONNXRuntime-LICENSE.txt */,
				6E0000000000000000000009 /* ONNXRuntime-ThirdPartyNotices.txt */,
			);
			path = Licenses;
			sourceTree = "<group>";
		};
/* End PBXGroup section */

/* Begin PBXNativeTarget section */
		T10000000000000000000001 /* OMRSheetCam */ = {
			isa = PBXNativeTarget;
			buildConfigurationList = L10000000000000000000002 /* Build configuration list for PBXNativeTarget "OMRSheetCam" */;
			buildPhases = (
				S10000000000000000000001 /* Sources */,
				F10000000000000000000001 /* Frameworks */,
				R10000000000000000000001 /* Resources */,
				R10000000000000000000002 /* Bundle ONNX models */,
				R10000000000000000000003 /* Bundle Gate-1 fixtures */,
			);
			buildRules = (
			);
			dependencies = (
			);
			name = OMRSheetCam;
			packageProductDependencies = (
				P10000000000000000000002 /* OMRHomrIOS */,
				5D0000000000000000000002 /* SF2Player */,
			);
			productName = OMRSheetCam;
			productReference = B10000000000000000000010 /* OMRSheetCam.app */;
			productType = "com.apple.product-type.application";
		};
		T10000000000000000000002 /* OMRSheetCamTests */ = {
			isa = PBXNativeTarget;
			buildConfigurationList = L10000000000000000000003 /* Build configuration list for PBXNativeTarget "OMRSheetCamTests" */;
			buildPhases = (
				S10000000000000000000002 /* Sources */,
				F10000000000000000000002 /* Frameworks */,
			);
			buildRules = (
			);
			dependencies = (
				D10000000000000000000001 /* PBXTargetDependency */,
			);
			name = OMRSheetCamTests;
			packageProductDependencies = (
			);
			productName = OMRSheetCamTests;
			productReference = B10000000000000000000011 /* OMRSheetCamTests.xctest */;
			productType = "com.apple.product-type.bundle.unit-test";
		};
/* End PBXNativeTarget section */

/* Begin PBXProject section */
		E10000000000000000000001 /* Project object */ = {
			isa = PBXProject;
			attributes = {
				BuildIndependentTargetsInParallel = 1;
				LastSwiftUpdateCheck = 1500;
				LastUpgradeCheck = 1500;
				TargetAttributes = {
					T10000000000000000000001 = {
						CreatedOnToolsVersion = 15.0;
					};
					T10000000000000000000002 = {
						CreatedOnToolsVersion = 15.0;
						TestTargetID = T10000000000000000000001;
					};
				};
			};
			buildConfigurationList = L10000000000000000000001 /* Build configuration list for PBXProject "OMRSheetCam" */;
			compatibilityVersion = "Xcode 14.0";
			developmentRegion = en;
			hasScannedForEncodings = 0;
			knownRegions = (
				en,
				Base,
			);
			mainGroup = G10000000000000000000001;
			packageReferences = (
				P10000000000000000000001 /* XCLocalSwiftPackageReference "Packages/omr-homr-ios" */,
				5D0000000000000000000001 /* XCLocalSwiftPackageReference "Packages/SF2Player" */,
			);
			productRefGroup = G10000000000000000000007 /* Products */;
			projectDirPath = "";
			projectRoot = "";
			targets = (
				T10000000000000000000001 /* OMRSheetCam */,
				T10000000000000000000002 /* OMRSheetCamTests */,
			);
		};
/* End PBXProject section */

/* Begin PBXResourcesBuildPhase section */
		R10000000000000000000001 /* Resources */ = {
			isa = PBXResourcesBuildPhase;
			buildActionMask = 2147483647;
			files = (
				A10000000000000000000005 /* Assets.xcassets in Resources */,
				5F0000000000000000000003 /* ode-to-joy.mid in Resources */,
				5F000000000000000000000B /* ode-to-joy.jpg in Resources */,
				6F0000000000000000000006 /* LICENSE in Resources */,
				6F0000000000000000000007 /* NOTICE in Resources */,
				6F0000000000000000000008 /* ONNXRuntime-LICENSE.txt in Resources */,
				6F0000000000000000000009 /* ONNXRuntime-ThirdPartyNotices.txt in Resources */,
			);
			runOnlyForDeploymentPostprocessing = 0;
		};
/* End PBXResourcesBuildPhase section */

/* Begin PBXShellScriptBuildPhase section */
		R10000000000000000000003 /* Bundle Gate-1 fixtures */ = {
			isa = PBXShellScriptBuildPhase;
			buildActionMask = 2147483647;
			files = (
			);
			inputFileListPaths = (
			);
			inputPaths = (
				"$(SRCROOT)/fixtures/oracle.c_scale_staff/staff.npy",
				"$(SRCROOT)/fixtures/oracle.c_scale_staff/staff.png",
				"$(SRCROOT)/fixtures/oracle.c_scale_staff/expected.tokens.json",
				"$(SRCROOT)/fixtures/mono.c_major_scale/input.png",
			);
			name = "Bundle Gate-1 fixtures";
			outputFileListPaths = (
			);
			outputPaths = (
				"$(TARGET_BUILD_DIR)/$(UNLOCALIZED_RESOURCES_FOLDER_PATH)/gate1/staff.npy",
				"$(TARGET_BUILD_DIR)/$(UNLOCALIZED_RESOURCES_FOLDER_PATH)/gate1/staff.png",
				"$(TARGET_BUILD_DIR)/$(UNLOCALIZED_RESOURCES_FOLDER_PATH)/gate1/expected.tokens.json",
				"$(TARGET_BUILD_DIR)/$(UNLOCALIZED_RESOURCES_FOLDER_PATH)/selftest/c_major_scale_page.png",
			);
			runOnlyForDeploymentPostprocessing = 0;
			shellPath = /bin/sh;
			shellScript = "# Copies the Gate-1 oracle fixtures (fixtures/oracle.c_scale_staff: staff.npy, staff.png,\n# expected.tokens.json; tracked in git, never edited here) into <App>.app/gate1/ for the in-app\n# \"Run Gate-1\" section. Fails if any is missing.\nset -eu\nSRC=\"${SRCROOT}/fixtures/oracle.c_scale_staff\"\nDST=\"${TARGET_BUILD_DIR}/${UNLOCALIZED_RESOURCES_FOLDER_PATH}/gate1\"\nmkdir -p \"$DST\"\nfor n in staff.npy staff.png expected.tokens.json; do\n  [ -f \"$SRC/$n\" ] || { echo \"error: Gate-1 fixture missing: $SRC/$n\" >&2; exit 1; }\n  cp -p \"$SRC/$n\" \"$DST/$n\"\ndone\necho \"Bundled Gate-1 fixtures: $(echo $(ls \"$DST\"))\"\n# SegNet self-test page (Settings > Developer): the C-scale oracle page the ios-sim page test uses.\nPAGE=\"${SRCROOT}/fixtures/mono.c_major_scale/input.png\"\nPDST=\"${TARGET_BUILD_DIR}/${UNLOCALIZED_RESOURCES_FOLDER_PATH}/selftest\"\n[ -f \"$PAGE\" ] || { echo \"error: self-test page missing: $PAGE\" >&2; exit 1; }\nmkdir -p \"$PDST\"\ncp -p \"$PAGE\" \"$PDST/c_major_scale_page.png\"\n";
			showEnvVarsInLog = 0;
		};
		R10000000000000000000002 /* Bundle ONNX models */ = {
			isa = PBXShellScriptBuildPhase;
			alwaysOutOfDate = 1;
			buildActionMask = 2147483647;
			files = (
			);
			inputFileListPaths = (
			);
			inputPaths = (
				"$(SRCROOT)/models.lock",
			);
			name = "Bundle ONNX models";
			outputFileListPaths = (
			);
			outputPaths = (
			);
			runOnlyForDeploymentPostprocessing = 0;
			shellPath = /bin/sh;
			shellScript = "# Copies the pinned homr ONNX models (models.lock: SegNet fp16, Encoder fp16, Decoder fp32; fetched by\n# scripts/fetch-models into gitignored models/) into <App>.app/models/. Never committed to git.\n# Missing models FAIL the build, except test-only builds where OMR_MODELS_DIR or\n# TEST_RUNNER_OMR_MODELS_DIR supplies them at run time (warning, nothing bundled).\n# OMR_REQUIRE_MODELS=1 (TestFlight archive) always fails on missing models.\nset -eu\nSRC=\"${SRCROOT}/models\"\nLOCK=\"${SRCROOT}/models.lock\"\nDST=\"${TARGET_BUILD_DIR}/${UNLOCALIZED_RESOURCES_FOLDER_PATH}/models\"\nnames=$(grep -Ev '^[[:space:]]*(#|$)' \"$LOCK\" | awk '{print $2}')\n[ -n \"$names\" ] || { echo \"error: no models listed in $LOCK\" >&2; exit 1; }\nmissing=\"\"\nfor n in $names; do [ -f \"$SRC/$n\" ] || missing=\"$missing $n\"; done\nif [ -n \"$missing\" ]; then\n  RUNTIME_DIR=\"${OMR_MODELS_DIR:-${TEST_RUNNER_OMR_MODELS_DIR:-}}\"\n  if [ \"${OMR_REQUIRE_MODELS:-0}\" != \"1\" ] && [ -n \"$RUNTIME_DIR\" ]; then\n    echo \"warning: models not bundled (missing:$missing); test-only build, models from $RUNTIME_DIR at run time\"\n    exit 0\n  fi\n  echo \"error: ONNX models missing in $SRC:$missing. Run scripts/fetch-models (pinned in models.lock). Test-only builds may set OMR_MODELS_DIR instead.\" >&2\n  exit 1\nfi\nmkdir -p \"$DST\"\nfor n in $names; do\n  if [ ! -f \"$DST/$n\" ] || [ \"$SRC/$n\" -nt \"$DST/$n\" ] || ! cmp -s \"$SRC/$n\" \"$DST/$n\"; then cp -p \"$SRC/$n\" \"$DST/$n\"; fi\ndone\nfor f in \"$DST\"/*; do\n  b=$(basename \"$f\")\n  case \" $(echo $names) \" in *\" $b \"*) ;; *) rm -rf \"$f\" ;; esac\ndone\necho \"Bundled ONNX models ($(du -sh \"$DST\" | cut -f1)): $(echo $names)\"\n";
			showEnvVarsInLog = 0;
		};
/* End PBXShellScriptBuildPhase section */

/* Begin PBXSourcesBuildPhase section */
		S10000000000000000000001 /* Sources */ = {
			isa = PBXSourcesBuildPhase;
			buildActionMask = 2147483647;
			files = (
				A10000000000000000000001 /* OMRSheetCamApp.swift in Sources */,
				A10000000000000000000002 /* Gate1RootView.swift in Sources */,
				A10000000000000000000003 /* SimpleMIDIPlayer.swift in Sources */,
				5F0000000000000000000001 /* PlayerView.swift in Sources */,
				5F0000000000000000000002 /* Acknowledgements.swift in Sources */,
				5F0000000000000000000006 /* PlaylistStore.swift in Sources */,
				7F0000000000000000000004 /* MIDIExport.swift in Sources */,
				7F0000000000000000000006 /* SheetFollowView.swift in Sources */,
				7F0000000000000000000005 /* ScanLayout.swift in Sources */,
				5F0000000000000000000007 /* LibraryScreen.swift in Sources */,
				5F0000000000000000000008 /* LevelMeterView.swift in Sources */,
				A10000000000000000000004 /* ModelWarmup.swift in Sources */,
				A1000000000000000000000B /* Gate1Runner.swift in Sources */,
				CA0000000000000000000001 /* CaptureStore.swift in Sources */,
				E20000000000000000000001 /* Analytics.swift in Sources */,
				E20000000000000000000002 /* StoreKitManager.swift in Sources */,
				E20000000000000000000003 /* ScanQuota.swift in Sources */,
				E20000000000000000000004 /* PaywallView.swift in Sources */,
				CA0000000000000000000002 /* RecognitionService.swift in Sources */,
				7F0000000000000000000003 /* ScanFailure.swift in Sources */,
				CA0000000000000000000003 /* CameraController.swift in Sources */,
				CA0000000000000000000004 /* CameraPreviewView.swift in Sources */,
				CA0000000000000000000005 /* CameraScreen.swift in Sources */,
				CA0000000000000000000006 /* ResultScreen.swift in Sources */,
				CA0000000000000000000007 /* PlayerRoute.swift in Sources */,
				CA0000000000000000000008 /* RootFlowView.swift in Sources */,
				5F000000000000000000000A /* ScreenshotDemo.swift in Sources */,
				CA000000000000000000000A /* DiagnosticsLog.swift in Sources */,
				CA000000000000000000000B /* PromptBuilder.swift in Sources */,
				CA000000000000000000000C /* PromptCopy.swift in Sources */,
				CA000000000000000000000D /* LogScreen.swift in Sources */,
				CA000000000000000000000E /* OMRFeedback.swift in Sources */,
				CA000000000000000000000F /* OMRCompareView.swift in Sources */,
				CA0000000000000000000010 /* Gate1CompareScreen.swift in Sources */,
				4F06444BBF09D87CE872BDB8 /* MIDINoteExtractor.swift in Sources */,
				7A0000000000000000000003 /* PageRecognitionService.swift in Sources */,
				7A0000000000000000000002 /* MemoryStats.swift in Sources */,
				7A0000000000000000000001 /* Gray8Image.swift in Sources */,
				6F0000000000000000000001 /* PlaybackController.swift in Sources */,
				6F0000000000000000000002 /* Theme.swift in Sources */,
				6F0000000000000000000003 /* AppSettings.swift in Sources */,
				6F0000000000000000000004 /* SettingsView.swift in Sources */,
				6F0000000000000000000005 /* ReadingView.swift in Sources */,
				8A0000000000000000000001 /* SegNetSelfTest.swift in Sources */,
				8A0000000000000000000002 /* CoreMLCacheStore.swift in Sources */,
			);
			runOnlyForDeploymentPostprocessing = 0;
		};
		S10000000000000000000002 /* Sources */ = {
			isa = PBXSourcesBuildPhase;
			buildActionMask = 2147483647;
			files = (
				A10000000000000000000006 /* Gate1StaffTokenMatchTests.swift in Sources */,
				A10000000000000000000007 /* MIDIPlayerSmokeTests.swift in Sources */,
				A1000000000000000000000A /* ModelWarmupTests.swift in Sources */,
				A1000000000000000000000C /* Gate1RunnerTests.swift in Sources */,
				CA0000000000000000000009 /* CaptureHelpersTests.swift in Sources */,
				CA0000000000000000000011 /* DiagnosticsTests.swift in Sources */,
				21EBA7280EC15355707ED56C /* PlaybackSmokeFixtureTests.swift in Sources */,
				5F0000000000000000000004 /* SF2PlayerAppTests.swift in Sources */,
				5F0000000000000000000009 /* PlaylistStoreTests.swift in Sources */,
				7F0000000000000000000002 /* Build16Tests.swift in Sources */,
				7A0000000000000000000005 /* PageRecognitionServiceTests.swift in Sources */,
				7A0000000000000000000004 /* Gray8ImageTests.swift in Sources */,
				6F000000000000000000000A /* RedesignTests.swift in Sources */,
				8A0000000000000000000003 /* Build6PrepTests.swift in Sources */,
			);
			runOnlyForDeploymentPostprocessing = 0;
		};
/* End PBXSourcesBuildPhase section */

/* Begin PBXTargetDependency section */
		D10000000000000000000001 /* PBXTargetDependency */ = {
			isa = PBXTargetDependency;
			target = T10000000000000000000001 /* OMRSheetCam */;
			targetProxy = C10000000000000000000001 /* PBXContainerItemProxy */;
		};
/* End PBXTargetDependency section */

/* Begin XCBuildConfiguration section */
		BC1000000000000000000001 /* Debug */ = {
			isa = XCBuildConfiguration;
			buildSettings = {
				ALWAYS_SEARCH_USER_PATHS = NO;
				CLANG_ENABLE_MODULES = YES;
				CLANG_ENABLE_OBJC_ARC = YES;
				COPY_PHASE_STRIP = NO;
				DEBUG_INFORMATION_FORMAT = dwarf;
				ENABLE_TESTABILITY = YES;
				GCC_DYNAMIC_NO_PIC = NO;
				GCC_OPTIMIZATION_LEVEL = 0;
				IPHONEOS_DEPLOYMENT_TARGET = 17.0;
				MTL_ENABLE_DEBUG_INFO = INCLUDE_SOURCE;
				ONLY_ACTIVE_ARCH = YES;
				SDKROOT = iphoneos;
				SWIFT_ACTIVE_COMPILATION_CONDITIONS = DEBUG;
				SWIFT_OPTIMIZATION_LEVEL = "-Onone";
				SWIFT_VERSION = 5.0;
			};
			name = Debug;
		};
		BC1000000000000000000002 /* Release */ = {
			isa = XCBuildConfiguration;
			buildSettings = {
				ALWAYS_SEARCH_USER_PATHS = NO;
				CLANG_ENABLE_MODULES = YES;
				CLANG_ENABLE_OBJC_ARC = YES;
				COPY_PHASE_STRIP = NO;
				DEBUG_INFORMATION_FORMAT = "dwarf-with-dsym";
				IPHONEOS_DEPLOYMENT_TARGET = 17.0;
				SDKROOT = iphoneos;
				SWIFT_COMPILATION_MODE = wholemodule;
				SWIFT_OPTIMIZATION_LEVEL = "-O";
				SWIFT_VERSION = 5.0;
				VALIDATE_PRODUCT = YES;
			};
			name = Release;
		};
		BC1000000000000000000003 /* Debug */ = {
			isa = XCBuildConfiguration;
			buildSettings = {
				ASSETCATALOG_COMPILER_APPICON_NAME = AppIcon;
				ASSETCATALOG_COMPILER_GLOBAL_ACCENT_COLOR_NAME = AccentColor;
				CODE_SIGN_STYLE = Automatic;
				CODE_SIGNING_ALLOWED = YES;
				CURRENT_PROJECT_VERSION = 1;
				DEVELOPMENT_TEAM = 83D36RPMUM;
				ENABLE_PREVIEWS = YES;
				ENABLE_USER_SCRIPT_SANDBOXING = NO;
				GENERATE_INFOPLIST_FILE = YES;
				INFOPLIST_KEY_CFBundleDisplayName = "SheetCam";
				INFOPLIST_KEY_ITSAppUsesNonExemptEncryption = NO;
				INFOPLIST_KEY_LSApplicationCategoryType = "public.app-category.music";
				INFOPLIST_KEY_NSCameraUsageDescription = "Take photos of sheet music to read and play them.";
				INFOPLIST_KEY_NSPhotoLibraryUsageDescription = "AI Camera - Music Reader can open a photo of sheet music from your library to read and play it back on this device.";
				INFOPLIST_KEY_UIApplicationSceneManifest_Generation = YES;
				INFOPLIST_KEY_UILaunchScreen_Generation = YES;
				INFOPLIST_KEY_UISupportedInterfaceOrientations_iPad = "UIInterfaceOrientationPortrait UIInterfaceOrientationPortraitUpsideDown UIInterfaceOrientationLandscapeLeft UIInterfaceOrientationLandscapeRight";
				INFOPLIST_KEY_UISupportedInterfaceOrientations_iPhone = "UIInterfaceOrientationPortrait UIInterfaceOrientationLandscapeLeft UIInterfaceOrientationLandscapeRight";
				LD_RUNPATH_SEARCH_PATHS = (
					"$(inherited)",
					"@executable_path/Frameworks",
				);
				MARKETING_VERSION = 1.0;
				PRODUCT_BUNDLE_IDENTIFIER = com.ragnus.vp;
				PRODUCT_NAME = "$(TARGET_NAME)";
				SUPPORTED_PLATFORMS = "iphoneos iphonesimulator";
				SUPPORTS_MACCATALYST = NO;
				SWIFT_EMIT_LOC_STRINGS = YES;
				SWIFT_VERSION = 5.0;
				TARGETED_DEVICE_FAMILY = "1,2";
			};
			name = Debug;
		};
		BC1000000000000000000004 /* Release */ = {
			isa = XCBuildConfiguration;
			buildSettings = {
				ASSETCATALOG_COMPILER_APPICON_NAME = AppIcon;
				ASSETCATALOG_COMPILER_GLOBAL_ACCENT_COLOR_NAME = AccentColor;
				CODE_SIGN_STYLE = Automatic;
				CODE_SIGNING_ALLOWED = YES;
				CURRENT_PROJECT_VERSION = 1;
				DEVELOPMENT_TEAM = 83D36RPMUM;
				ENABLE_PREVIEWS = YES;
				ENABLE_USER_SCRIPT_SANDBOXING = NO;
				GENERATE_INFOPLIST_FILE = YES;
				INFOPLIST_KEY_CFBundleDisplayName = "SheetCam";
				INFOPLIST_KEY_ITSAppUsesNonExemptEncryption = NO;
				INFOPLIST_KEY_LSApplicationCategoryType = "public.app-category.music";
				INFOPLIST_KEY_NSCameraUsageDescription = "Take photos of sheet music to read and play them.";
				INFOPLIST_KEY_NSPhotoLibraryUsageDescription = "AI Camera - Music Reader can open a photo of sheet music from your library to read and play it back on this device.";
				INFOPLIST_KEY_UIApplicationSceneManifest_Generation = YES;
				INFOPLIST_KEY_UILaunchScreen_Generation = YES;
				INFOPLIST_KEY_UISupportedInterfaceOrientations_iPad = "UIInterfaceOrientationPortrait UIInterfaceOrientationPortraitUpsideDown UIInterfaceOrientationLandscapeLeft UIInterfaceOrientationLandscapeRight";
				INFOPLIST_KEY_UISupportedInterfaceOrientations_iPhone = "UIInterfaceOrientationPortrait UIInterfaceOrientationLandscapeLeft UIInterfaceOrientationLandscapeRight";
				LD_RUNPATH_SEARCH_PATHS = (
					"$(inherited)",
					"@executable_path/Frameworks",
				);
				MARKETING_VERSION = 1.0;
				PRODUCT_BUNDLE_IDENTIFIER = com.ragnus.vp;
				PRODUCT_NAME = "$(TARGET_NAME)";
				SUPPORTED_PLATFORMS = "iphoneos iphonesimulator";
				SUPPORTS_MACCATALYST = NO;
				SWIFT_EMIT_LOC_STRINGS = YES;
				SWIFT_VERSION = 5.0;
				TARGETED_DEVICE_FAMILY = "1,2";
			};
			name = Release;
		};
		BC1000000000000000000005 /* Debug */ = {
			isa = XCBuildConfiguration;
			buildSettings = {
				BUNDLE_LOADER = "$(TEST_HOST)";
				CODE_SIGN_STYLE = Automatic;
				CODE_SIGNING_ALLOWED = YES;
				CURRENT_PROJECT_VERSION = 1;
				DEVELOPMENT_TEAM = 83D36RPMUM;
				GENERATE_INFOPLIST_FILE = YES;
				IPHONEOS_DEPLOYMENT_TARGET = 17.0;
				MARKETING_VERSION = 1.0;
				PRODUCT_BUNDLE_IDENTIFIER = com.ragnus.vp.tests;
				PRODUCT_NAME = "$(TARGET_NAME)";
				SUPPORTED_PLATFORMS = "iphoneos iphonesimulator";
				SWIFT_VERSION = 5.0;
				TARGETED_DEVICE_FAMILY = "1,2";
				TEST_HOST = "$(BUILT_PRODUCTS_DIR)/OMRSheetCam.app/$(BUNDLE_EXECUTABLE_FOLDER_PATH)/OMRSheetCam";
			};
			name = Debug;
		};
		BC1000000000000000000006 /* Release */ = {
			isa = XCBuildConfiguration;
			buildSettings = {
				BUNDLE_LOADER = "$(TEST_HOST)";
				CODE_SIGN_STYLE = Automatic;
				CODE_SIGNING_ALLOWED = YES;
				CURRENT_PROJECT_VERSION = 1;
				DEVELOPMENT_TEAM = 83D36RPMUM;
				GENERATE_INFOPLIST_FILE = YES;
				IPHONEOS_DEPLOYMENT_TARGET = 17.0;
				MARKETING_VERSION = 1.0;
				PRODUCT_BUNDLE_IDENTIFIER = com.ragnus.vp.tests;
				PRODUCT_NAME = "$(TARGET_NAME)";
				SUPPORTED_PLATFORMS = "iphoneos iphonesimulator";
				SWIFT_VERSION = 5.0;
				TARGETED_DEVICE_FAMILY = "1,2";
				TEST_HOST = "$(BUILT_PRODUCTS_DIR)/OMRSheetCam.app/$(BUNDLE_EXECUTABLE_FOLDER_PATH)/OMRSheetCam";
			};
			name = Release;
		};
/* End XCBuildConfiguration section */

/* Begin XCConfigurationList section */
		L10000000000000000000001 /* Build configuration list for PBXProject "OMRSheetCam" */ = {
			isa = XCConfigurationList;
			buildConfigurations = (
				BC1000000000000000000001 /* Debug */,
				BC1000000000000000000002 /* Release */,
			);
			defaultConfigurationIsVisible = 0;
			defaultConfigurationName = Release;
		};
		L10000000000000000000002 /* Build configuration list for PBXNativeTarget "OMRSheetCam" */ = {
			isa = XCConfigurationList;
			buildConfigurations = (
				BC1000000000000000000003 /* Debug */,
				BC1000000000000000000004 /* Release */,
			);
			defaultConfigurationIsVisible = 0;
			defaultConfigurationName = Release;
		};
		L10000000000000000000003 /* Build configuration list for PBXNativeTarget "OMRSheetCamTests" */ = {
			isa = XCConfigurationList;
			buildConfigurations = (
				BC1000000000000000000005 /* Debug */,
				BC1000000000000000000006 /* Release */,
			);
			defaultConfigurationIsVisible = 0;
			defaultConfigurationName = Release;
		};
/* End XCConfigurationList section */

/* Begin XCLocalSwiftPackageReference section */
		P10000000000000000000001 /* XCLocalSwiftPackageReference "Packages/omr-homr-ios" */ = {
			isa = XCLocalSwiftPackageReference;
			relativePath = Packages/omr-homr-ios;
		};
		5D0000000000000000000001 /* XCLocalSwiftPackageReference "Packages/SF2Player" */ = {
			isa = XCLocalSwiftPackageReference;
			relativePath = Packages/SF2Player;
		};
/* End XCLocalSwiftPackageReference section */

/* Begin XCSwiftPackageProductDependency section */
		P10000000000000000000002 /* OMRHomrIOS */ = {
			isa = XCSwiftPackageProductDependency;
			package = P10000000000000000000001 /* XCLocalSwiftPackageReference "Packages/omr-homr-ios" */;
			productName = OMRHomrIOS;
		};
		5D0000000000000000000002 /* SF2Player */ = {
			isa = XCSwiftPackageProductDependency;
			package = 5D0000000000000000000001 /* XCLocalSwiftPackageReference "Packages/SF2Player" */;
			productName = SF2Player;
		};
/* End XCSwiftPackageProductDependency section */
	};
	rootObject = E10000000000000000000001 /* Project object */;
}
